Microsoft Visual Studio Solution File, Format Version 12.00
# Visual Studio Version 17
VisualStudioVersion = 17.5.2.0
MinimumVisualStudioVersion = 10.0.40219.1
Project("{FAE04EC0-301F-11D3-BF4B-00C04F79EFBC}") = "Lab.BeerRecieper", "Lab.BeerRecieper.csproj", "{062249A3-61C6-BCDE-7B04-29F94AD58434}"
EndProject
Global
	GlobalSection(SolutionConfigurationPlatforms) = preSolution
		Debug|Any CPU = Debug|Any CPU
		Release|Any CPU = Release|Any CPU
	EndGlobalSection
	GlobalSection(ProjectConfigurationPlatforms) = postSolution
		{062249A3-61C6-BCDE-7B04-29F94AD58434}.Debug|Any CPU.ActiveCfg = Debug|Any CPU
		{062249A3-61C6-BCDE-7B04-29F94AD58434}.Debug|Any CPU.Build.0 = Debug|Any CPU
		{062249A3-61C6-BCDE-7B04-29F94AD58434}.Release|Any CPU.ActiveCfg = Release|Any CPU
		{062249A3-61C6-BCDE-7B04-29F94AD58434}.Release|Any CPU.Build.0 = Release|Any CPU
	EndGlobalSection
	GlobalSection(SolutionProperties) = preSolution
		HideSolutionNode = FALSE
	EndGlobalSection
	GlobalSection(ExtensibilityGlobals) = postSolution
		SolutionGuid = {2FF85BDE-AC81-44AF-BBF2-2425CC013FF1}
	EndGlobalSection
EndGlobal
