
Microsoft Visual Studio Solution File, Format Version 12.00
# Visual Studio Version 17
VisualStudioVersion = 17.0.31903.59
MinimumVisualStudioVersion = 10.0.40219.1
Project("{FAE04EC0-301F-11D3-BF4B-00C04F79EFBC}") = "BeerRecieper.Api", "BeerRecieper.Api\BeerRecieper.Api.csproj", "{9707A40D-D628-48F5-A345-059549F65C0C}"
EndProject
Project("{2150E333-8FDC-42A3-9474-1A3956D46DE8}") = "Modules", "Modules", "{CA253913-39DE-BFD0-C9A3-4B7EC6FBDF17}"
EndProject
Project("{FAE04EC0-301F-11D3-BF4B-00C04F79EFBC}") = "Common", "Modules\Common\Common.csproj", "{28CD9A1D-6F3E-46E3-A7F1-F8101BFB807B}"
EndProject
Project("{2150E333-8FDC-42A3-9474-1A3956D46DE8}") = "BeerRecipesModule", "BeerRecipesModule", "{E7716936-D9C2-40E4-6653-860257EC9AB3}"
EndProject
Project("{FAE04EC0-301F-11D3-BF4B-00C04F79EFBC}") = "BeerRecipes", "Modules\BeerRecipesModule\BeerRecipes\BeerRecipes.csproj", "{8B91A898-51FE-42B2-8A10-C10953725AB2}"
EndProject
Project("{FAE04EC0-301F-11D3-BF4B-00C04F79EFBC}") = "BeerRecipes.Contracts", "Modules\BeerRecipesModule\BeerRecipes.Contracts\BeerRecipes.Contracts.csproj", "{AA5FC8B0-EFD8-43B0-847B-16CB0DC3E272}"
EndProject
Project("{2150E333-8FDC-42A3-9474-1A3956D46DE8}") = "MaltPlansModule", "MaltPlansModule", "{73EA3B77-3CF8-9343-24B9-4820898684CE}"
EndProject
Project("{FAE04EC0-301F-11D3-BF4B-00C04F79EFBC}") = "MaltPlans", "Modules\MaltPlansModule\MaltPlans\MaltPlans.csproj", "{8D2CBB33-365D-4390-86BE-502429CD609D}"
EndProject
Project("{FAE04EC0-301F-11D3-BF4B-00C04F79EFBC}") = "MaltPlans.Contracts", "Modules\MaltPlansModule\MaltPlans.Contracts\MaltPlans.Contracts.csproj", "{B1A75DB1-43BF-41D9-902D-7C2EA5DAEA10}"
EndProject
Global
	GlobalSection(SolutionConfigurationPlatforms) = preSolution
		Debug|Any CPU = Debug|Any CPU
		Debug|x64 = Debug|x64
		Debug|x86 = Debug|x86
		Release|Any CPU = Release|Any CPU
		Release|x64 = Release|x64
		Release|x86 = Release|x86
	EndGlobalSection
	GlobalSection(ProjectConfigurationPlatforms) = postSolution
		{9707A40D-D628-48F5-A345-059549F65C0C}.Debug|Any CPU.ActiveCfg = Debug|Any CPU
		{9707A40D-D628-48F5-A345-059549F65C0C}.Debug|Any CPU.Build.0 = Debug|Any CPU
		{9707A40D-D628-48F5-A345-059549F65C0C}.Debug|x64.ActiveCfg = Debug|Any CPU
		{9707A40D-D628-48F5-A345-059549F65C0C}.Debug|x64.Build.0 = Debug|Any CPU
		{9707A40D-D628-48F5-A345-059549F65C0C}.Debug|x86.ActiveCfg = Debug|Any CPU
		{9707A40D-D628-48F5-A345-059549F65C0C}.Debug|x86.Build.0 = Debug|Any CPU
		{9707A40D-D628-48F5-A345-059549F65C0C}.Release|Any CPU.ActiveCfg = Release|Any CPU
		{9707A40D-D628-48F5-A345-059549F65C0C}.Release|Any CPU.Build.0 = Release|Any CPU
		{9707A40D-D628-48F5-A345-059549F65C0C}.Release|x64.ActiveCfg = Release|Any CPU
		{9707A40D-D628-48F5-A345-059549F65C0C}.Release|x64.Build.0 = Release|Any CPU
		{9707A40D-D628-48F5-A345-059549F65C0C}.Release|x86.ActiveCfg = Release|Any CPU
		{9707A40D-D628-48F5-A345-059549F65C0C}.Release|x86.Build.0 = Release|Any CPU
		{28CD9A1D-6F3E-46E3-A7F1-F8101BFB807B}.Debug|Any CPU.ActiveCfg = Debug|Any CPU
		{28CD9A1D-6F3E-46E3-A7F1-F8101BFB807B}.Debug|Any CPU.Build.0 = Debug|Any CPU
		{28CD9A1D-6F3E-46E3-A7F1-F8101BFB807B}.Debug|x64.ActiveCfg = Debug|Any CPU
		{28CD9A1D-6F3E-46E3-A7F1-F8101BFB807B}.Debug|x64.Build.0 = Debug|Any CPU
		{28CD9A1D-6F3E-46E3-A7F1-F8101BFB807B}.Debug|x86.ActiveCfg = Debug|Any CPU
		{28CD9A1D-6F3E-46E3-A7F1-F8101BFB807B}.Debug|x86.Build.0 = Debug|Any CPU
		{28CD9A1D-6F3E-46E3-A7F1-F8101BFB807B}.Release|Any CPU.ActiveCfg = Release|Any CPU
		{28CD9A1D-6F3E-46E3-A7F1-F8101BFB807B}.Release|Any CPU.Build.0 = Release|Any CPU
		{28CD9A1D-6F3E-46E3-A7F1-F8101BFB807B}.Release|x64.ActiveCfg = Release|Any CPU
		{28CD9A1D-6F3E-46E3-A7F1-F8101BFB807B}.Release|x64.Build.0 = Release|Any CPU
		{28CD9A1D-6F3E-46E3-A7F1-F8101BFB807B}.Release|x86.ActiveCfg = Release|Any CPU
		{28CD9A1D-6F3E-46E3-A7F1-F8101BFB807B}.Release|x86.Build.0 = Release|Any CPU
		{8B91A898-51FE-42B2-8A10-C10953725AB2}.Debug|Any CPU.ActiveCfg = Debug|Any CPU
		{8B91A898-51FE-42B2-8A10-C10953725AB2}.Debug|Any CPU.Build.0 = Debug|Any CPU
		{8B91A898-51FE-42B2-8A10-C10953725AB2}.Debug|x64.ActiveCfg = Debug|Any CPU
		{8B91A898-51FE-42B2-8A10-C10953725AB2}.Debug|x64.Build.0 = Debug|Any CPU
		{8B91A898-51FE-42B2-8A10-C10953725AB2}.Debug|x86.ActiveCfg = Debug|Any CPU
		{8B91A898-51FE-42B2-8A10-C10953725AB2}.Debug|x86.Build.0 = Debug|Any CPU
		{8B91A898-51FE-42B2-8A10-C10953725AB2}.Release|Any CPU.ActiveCfg = Release|Any CPU
		{8B91A898-51FE-42B2-8A10-C10953725AB2}.Release|Any CPU.Build.0 = Release|Any CPU
		{8B91A898-51FE-42B2-8A10-C10953725AB2}.Release|x64.ActiveCfg = Release|Any CPU
		{8B91A898-51FE-42B2-8A10-C10953725AB2}.Release|x64.Build.0 = Release|Any CPU
		{8B91A898-51FE-42B2-8A10-C10953725AB2}.Release|x86.ActiveCfg = Release|Any CPU
		{8B91A898-51FE-42B2-8A10-C10953725AB2}.Release|x86.Build.0 = Release|Any CPU
		{AA5FC8B0-EFD8-43B0-847B-16CB0DC3E272}.Debug|Any CPU.ActiveCfg = Debug|Any CPU
		{AA5FC8B0-EFD8-43B0-847B-16CB0DC3E272}.Debug|Any CPU.Build.0 = Debug|Any CPU
		{AA5FC8B0-EFD8-43B0-847B-16CB0DC3E272}.Debug|x64.ActiveCfg = Debug|Any CPU
		{AA5FC8B0-EFD8-43B0-847B-16CB0DC3E272}.Debug|x64.Build.0 = Debug|Any CPU
		{AA5FC8B0-EFD8-43B0-847B-16CB0DC3E272}.Debug|x86.ActiveCfg = Debug|Any CPU
		{AA5FC8B0-EFD8-43B0-847B-16CB0DC3E272}.Debug|x86.Build.0 = Debug|Any CPU
		{AA5FC8B0-EFD8-43B0-847B-16CB0DC3E272}.Release|Any CPU.ActiveCfg = Release|Any CPU
		{AA5FC8B0-EFD8-43B0-847B-16CB0DC3E272}.Release|Any CPU.Build.0 = Release|Any CPU
		{AA5FC8B0-EFD8-43B0-847B-16CB0DC3E272}.Release|x64.ActiveCfg = Release|Any CPU
		{AA5FC8B0-EFD8-43B0-847B-16CB0DC3E272}.Release|x64.Build.0 = Release|Any CPU
		{AA5FC8B0-EFD8-43B0-847B-16CB0DC3E272}.Release|x86.ActiveCfg = Release|Any CPU
		{AA5FC8B0-EFD8-43B0-847B-16CB0DC3E272}.Release|x86.Build.0 = Release|Any CPU
		{8D2CBB33-365D-4390-86BE-502429CD609D}.Debug|Any CPU.ActiveCfg = Debug|Any CPU
		{8D2CBB33-365D-4390-86BE-502429CD609D}.Debug|Any CPU.Build.0 = Debug|Any CPU
		{8D2CBB33-365D-4390-86BE-502429CD609D}.Debug|x64.ActiveCfg = Debug|Any CPU
		{8D2CBB33-365D-4390-86BE-502429CD609D}.Debug|x64.Build.0 = Debug|Any CPU
		{8D2CBB33-365D-4390-86BE-502429CD609D}.Debug|x86.ActiveCfg = Debug|Any CPU
		{8D2CBB33-365D-4390-86BE-502429CD609D}.Debug|x86.Build.0 = Debug|Any CPU
		{8D2CBB33-365D-4390-86BE-502429CD609D}.Release|Any CPU.ActiveCfg = Release|Any CPU
		{8D2CBB33-365D-4390-86BE-502429CD609D}.Release|Any CPU.Build.0 = Release|Any CPU
		{8D2CBB33-365D-4390-86BE-502429CD609D}.Release|x64.ActiveCfg = Release|Any CPU
		{8D2CBB33-365D-4390-86BE-502429CD609D}.Release|x64.Build.0 = Release|Any CPU
		{8D2CBB33-365D-4390-86BE-502429CD609D}.Release|x86.ActiveCfg = Release|Any CPU
		{8D2CBB33-365D-4390-86BE-502429CD609D}.Release|x86.Build.0 = Release|Any CPU
		{B1A75DB1-43BF-41D9-902D-7C2EA5DAEA10}.Debug|Any CPU.ActiveCfg = Debug|Any CPU
		{B1A75DB1-43BF-41D9-902D-7C2EA5DAEA10}.Debug|Any CPU.Build.0 = Debug|Any CPU
		{B1A75DB1-43BF-41D9-902D-7C2EA5DAEA10}.Debug|x64.ActiveCfg = Debug|Any CPU
		{B1A75DB1-43BF-41D9-902D-7C2EA5DAEA10}.Debug|x64.Build.0 = Debug|Any CPU
		{B1A75DB1-43BF-41D9-902D-7C2EA5DAEA10}.Debug|x86.ActiveCfg = Debug|Any CPU
		{B1A75DB1-43BF-41D9-902D-7C2EA5DAEA10}.Debug|x86.Build.0 = Debug|Any CPU
		{B1A75DB1-43BF-41D9-902D-7C2EA5DAEA10}.Release|Any CPU.ActiveCfg = Release|Any CPU
		{B1A75DB1-43BF-41D9-902D-7C2EA5DAEA10}.Release|Any CPU.Build.0 = Release|Any CPU
		{B1A75DB1-43BF-41D9-902D-7C2EA5DAEA10}.Release|x64.ActiveCfg = Release|Any CPU
		{B1A75DB1-43BF-41D9-902D-7C2EA5DAEA10}.Release|x64.Build.0 = Release|Any CPU
		{B1A75DB1-43BF-41D9-902D-7C2EA5DAEA10}.Release|x86.ActiveCfg = Release|Any CPU
		{B1A75DB1-43BF-41D9-902D-7C2EA5DAEA10}.Release|x86.Build.0 = Release|Any CPU
	EndGlobalSection
	GlobalSection(SolutionProperties) = preSolution
		HideSolutionNode = FALSE
	EndGlobalSection
	GlobalSection(NestedProjects) = preSolution
		{28CD9A1D-6F3E-46E3-A7F1-F8101BFB807B} = {CA253913-39DE-BFD0-C9A3-4B7EC6FBDF17}
		{E7716936-D9C2-40E4-6653-860257EC9AB3} = {CA253913-39DE-BFD0-C9A3-4B7EC6FBDF17}
		{8B91A898-51FE-42B2-8A10-C10953725AB2} = {E7716936-D9C2-40E4-6653-860257EC9AB3}
		{AA5FC8B0-EFD8-43B0-847B-16CB0DC3E272} = {E7716936-D9C2-40E4-6653-860257EC9AB3}
		{73EA3B77-3CF8-9343-24B9-4820898684CE} = {CA253913-39DE-BFD0-C9A3-4B7EC6FBDF17}
		{8D2CBB33-365D-4390-86BE-502429CD609D} = {73EA3B77-3CF8-9343-24B9-4820898684CE}
		{B1A75DB1-43BF-41D9-902D-7C2EA5DAEA10} = {73EA3B77-3CF8-9343-24B9-4820898684CE}
	EndGlobalSection
EndGlobal
